
Microsoft Visual Studio Solution File, Format Version 12.00
# Visual Studio Express 15 for Windows Desktop
VisualStudioVersion = 15.0.28307.271
MinimumVisualStudioVersion = 10.0.40219.1
Project("{FAE04EC0-301F-11D3-BF4B-00C04F79EFBC}") = "DL950S_console", "DL950_console\DL950S_console.csproj", "{F8EE996F-F64A-4044-AD41-5D264DDBFE33}"
EndProject
Project("{2150E333-8FDC-42A3-9474-1A3956D46DE8}") = "Solution Items", "Solution Items", "{3E200EF2-38C6-4529-AFC2-FAA92578379A}"
EndProject
Global
	GlobalSection(SolutionConfigurationPlatforms) = preSolution
		Debug|Any CPU = Debug|Any CPU
		Release|Any CPU = Release|Any CPU
	EndGlobalSection
	GlobalSection(ProjectConfigurationPlatforms) = postSolution
		{F8EE996F-F64A-4044-AD41-5D264DDBFE33}.Debug|Any CPU.ActiveCfg = Debug|Any CPU
		{F8EE996F-F64A-4044-AD41-5D264DDBFE33}.Debug|Any CPU.Build.0 = Debug|Any CPU
		{F8EE996F-F64A-4044-AD41-5D264DDBFE33}.Release|Any CPU.ActiveCfg = Release|Any CPU
		{F8EE996F-F64A-4044-AD41-5D264DDBFE33}.Release|Any CPU.Build.0 = Release|Any CPU
	EndGlobalSection
	GlobalSection(SolutionProperties) = preSolution
		HideSolutionNode = FALSE
	EndGlobalSection
	GlobalSection(ExtensibilityGlobals) = postSolution
		SolutionGuid = {FF3C17F3-9049-4755-8453-1434D78DC738}
	EndGlobalSection
EndGlobal
